{
  "name": "pokemongo-game-master",
  "version": "1.0.0",
  "lockfileVersion": 1,
  "requires": true,
  "dependencies": {
    "asap": {
      "version": "2.0.6",
      "resolved": "https://registry.npmjs.org/asap/-/asap-2.0.6.tgz",
      "integrity": "sha1-5QNHYR1+aQlDIIu9r+vLwvuGbUY=",
      "dev": true
    },
    "assertion-error": {
      "version": "1.0.2",
      "resolved": "https://registry.npmjs.org/assertion-error/-/assertion-error-1.0.2.tgz",
      "integrity": "sha1-E8pRXYYgbaC6xm6DTdOX2HWBCUw=",
      "dev": true
    },
    "chai": {
      "version": "4.1.2",
      "resolved": "https://registry.npmjs.org/chai/-/chai-4.1.2.tgz",
      "integrity": "sha1-D2RYS6ZC8PKs4oBiefTwbKI61zw=",
      "dev": true,
      "requires": {
        "assertion-error": "1.0.2",
        "check-error": "1.0.2",
        "deep-eql": "3.0.1",
        "get-func-name": "2.0.0",
        "pathval": "1.1.0",
        "type-detect": "4.0.3"
      }
    },
    "check-error": {
      "version": "1.0.2",
      "resolved": "https://registry.npmjs.org/check-error/-/check-error-1.0.2.tgz",
      "integrity": "sha1-V00xLt2Iu13YkS6Sht1sCu1KrII=",
      "dev": true
    },
    "deep-eql": {
      "version": "3.0.1",
      "resolved": "https://registry.npmjs.org/deep-eql/-/deep-eql-3.0.1.tgz",
      "integrity": "sha512-+QeIQyN5ZuO+3Uk5DYh6/1eKO0m0YmJFGNmFHGACpf1ClL1nmlV/p4gNgbl2pJGxgXb4faqo6UE+M5ACEMyVcw==",
      "dev": true,
      "requires": {
        "type-detect": "4.0.3"
      }
    },
    "get-func-name": {
      "version": "2.0.0",
      "resolved": "https://registry.npmjs.org/get-func-name/-/get-func-name-2.0.0.tgz",
      "integrity": "sha1-6td0q+5y4gQJQzoGY2YCPdaIekE=",
      "dev": true
    },
    "pathval": {
      "version": "1.1.0",
      "resolved": "https://registry.npmjs.org/pathval/-/pathval-1.1.0.tgz",
      "integrity": "sha1-uULm1L3mUwBe9rcTYd74cn0GReA=",
      "dev": true
    },
    "promise": {
      "version": "8.0.1",
      "resolved": "https://registry.npmjs.org/promise/-/promise-8.0.1.tgz",
      "integrity": "sha1-5F1osAoXZHttpxG/he1u1HII9FA=",
      "dev": true,
      "requires": {
        "asap": "2.0.6"
      }
    },
    "semver": {
      "version": "5.4.1",
      "resolved": "https://registry.npmjs.org/semver/-/semver-5.4.1.tgz",
      "integrity": "sha512-WfG/X9+oATh81XtllIo/I8gOiY9EXRdv1cQdyykeXK17YcUW3EXUAi2To4pcH6nZtJPr7ZOpM5OMyWJZm+8Rsg==",
      "dev": true
    },
    "semver-extra": {
      "version": "2.0.1",
      "resolved": "https://registry.npmjs.org/semver-extra/-/semver-extra-2.0.1.tgz",
      "integrity": "sha1-iOOzuNsFLl47/5cocHa4RofG94E=",
      "dev": true,
      "requires": {
        "semver": "5.4.1"
      }
    },
    "type-detect": {
      "version": "4.0.3",
      "resolved": "https://registry.npmjs.org/type-detect/-/type-detect-4.0.3.tgz",
      "integrity": "sha1-Dj8mcLRAmbC0bChNE2p+9Jx0wuo=",
      "dev": true
    }
  }
}
